
Microsoft Visual Studio Solution File, Format Version 12.00
# Visual Studio Version 17
VisualStudioVersion = 17.4.33205.214
MinimumVisualStudioVersion = 10.0.40219.1
Project("{00D1A9C2-B5F0-4AF3-8072-F6C62B433612}") = "DatabaseInitialization", "..\DigitalRecordsManagement_RESTful\DatabaseInitialization\DatabaseInitialization.sqlproj", "{A455B1DA-39B1-4245-B169-74BFEAE0C5AB}"
EndProject
Project("{FAE04EC0-301F-11D3-BF4B-00C04F79EFBC}") = "RecordsManagement_Client", "RecordsManagement_Client\RecordsManagement_Client.csproj", "{149DEA56-959D-400C-80C3-27FDA02BC332}"
EndProject
Project("{FAE04EC0-301F-11D3-BF4B-00C04F79EFBC}") = "RecordsManagement_gRPC", "RecordsManagement_gRPC\RecordsManagement_gRPC.csproj", "{1BAE0664-3B5F-4EE6-B0D7-C4EC4A78E76F}"
EndProject
Global
	GlobalSection(SolutionConfigurationPlatforms) = preSolution
		Debug|Any CPU = Debug|Any CPU
		Release|Any CPU = Release|Any CPU
	EndGlobalSection
	GlobalSection(ProjectConfigurationPlatforms) = postSolution
		{A455B1DA-39B1-4245-B169-74BFEAE0C5AB}.Debug|Any CPU.ActiveCfg = Debug|Any CPU
		{A455B1DA-39B1-4245-B169-74BFEAE0C5AB}.Debug|Any CPU.Build.0 = Debug|Any CPU
		{A455B1DA-39B1-4245-B169-74BFEAE0C5AB}.Debug|Any CPU.Deploy.0 = Debug|Any CPU
		{A455B1DA-39B1-4245-B169-74BFEAE0C5AB}.Release|Any CPU.ActiveCfg = Release|Any CPU
		{A455B1DA-39B1-4245-B169-74BFEAE0C5AB}.Release|Any CPU.Build.0 = Release|Any CPU
		{A455B1DA-39B1-4245-B169-74BFEAE0C5AB}.Release|Any CPU.Deploy.0 = Release|Any CPU
		{149DEA56-959D-400C-80C3-27FDA02BC332}.Debug|Any CPU.ActiveCfg = Debug|Any CPU
		{149DEA56-959D-400C-80C3-27FDA02BC332}.Debug|Any CPU.Build.0 = Debug|Any CPU
		{149DEA56-959D-400C-80C3-27FDA02BC332}.Release|Any CPU.ActiveCfg = Release|Any CPU
		{149DEA56-959D-400C-80C3-27FDA02BC332}.Release|Any CPU.Build.0 = Release|Any CPU
		{1BAE0664-3B5F-4EE6-B0D7-C4EC4A78E76F}.Debug|Any CPU.ActiveCfg = Debug|Any CPU
		{1BAE0664-3B5F-4EE6-B0D7-C4EC4A78E76F}.Debug|Any CPU.Build.0 = Debug|Any CPU
		{1BAE0664-3B5F-4EE6-B0D7-C4EC4A78E76F}.Release|Any CPU.ActiveCfg = Release|Any CPU
		{1BAE0664-3B5F-4EE6-B0D7-C4EC4A78E76F}.Release|Any CPU.Build.0 = Release|Any CPU
	EndGlobalSection
	GlobalSection(SolutionProperties) = preSolution
		HideSolutionNode = FALSE
	EndGlobalSection
	GlobalSection(ExtensibilityGlobals) = postSolution
		SolutionGuid = {9F33697F-2812-4B10-A514-FDCFCFCB45B1}
	EndGlobalSection
EndGlobal
